
Microsoft Visual Studio Solution File, Format Version 12.00
# Visual Studio Version 17
VisualStudioVersion = 17.14.36414.22 d17.14
MinimumVisualStudioVersion = 10.0.40219.1
Project("{FAE04EC0-301F-11D3-BF4B-00C04F79EFBC}") = "XMen", "XMen\XMen.csproj", "{6FA0F0C1-B055-4513-8AE0-0E670EB9EC8B}"
EndProject
Global
	GlobalSection(SolutionConfigurationPlatforms) = preSolution
		Debug|Any CPU = Debug|Any CPU
		Release|Any CPU = Release|Any CPU
	EndGlobalSection
	GlobalSection(ProjectConfigurationPlatforms) = postSolution
		{6FA0F0C1-B055-4513-8AE0-0E670EB9EC8B}.Debug|Any CPU.ActiveCfg = Debug|Any CPU
		{6FA0F0C1-B055-4513-8AE0-0E670EB9EC8B}.Debug|Any CPU.Build.0 = Debug|Any CPU
		{6FA0F0C1-B055-4513-8AE0-0E670EB9EC8B}.Release|Any CPU.ActiveCfg = Release|Any CPU
		{6FA0F0C1-B055-4513-8AE0-0E670EB9EC8B}.Release|Any CPU.Build.0 = Release|Any CPU
	EndGlobalSection
	GlobalSection(SolutionProperties) = preSolution
		HideSolutionNode = FALSE
	EndGlobalSection
	GlobalSection(ExtensibilityGlobals) = postSolution
		SolutionGuid = {2F403F99-05C8-4D6A-81A0-66DBD937A350}
	EndGlobalSection
EndGlobal
