
Microsoft Visual Studio Solution File, Format Version 12.00
# Visual Studio Version 17
VisualStudioVersion = 17.14.36414.22 d17.14
MinimumVisualStudioVersion = 10.0.40219.1
Project("{FAE04EC0-301F-11D3-BF4B-00C04F79EFBC}") = "Računanje s kompleksnimi števili", "Računanje s kompleksnimi števili\Računanje s kompleksnimi števili.csproj", "{89E9018D-8887-4E91-983E-A7CB48381A16}"
EndProject
Global
	GlobalSection(SolutionConfigurationPlatforms) = preSolution
		Debug|Any CPU = Debug|Any CPU
		Release|Any CPU = Release|Any CPU
	EndGlobalSection
	GlobalSection(ProjectConfigurationPlatforms) = postSolution
		{89E9018D-8887-4E91-983E-A7CB48381A16}.Debug|Any CPU.ActiveCfg = Debug|Any CPU
		{89E9018D-8887-4E91-983E-A7CB48381A16}.Debug|Any CPU.Build.0 = Debug|Any CPU
		{89E9018D-8887-4E91-983E-A7CB48381A16}.Release|Any CPU.ActiveCfg = Release|Any CPU
		{89E9018D-8887-4E91-983E-A7CB48381A16}.Release|Any CPU.Build.0 = Release|Any CPU
	EndGlobalSection
	GlobalSection(SolutionProperties) = preSolution
		HideSolutionNode = FALSE
	EndGlobalSection
	GlobalSection(ExtensibilityGlobals) = postSolution
		SolutionGuid = {09BEFC19-C0B8-4858-B16B-8CB5F04FEDFF}
	EndGlobalSection
EndGlobal
